<?xml version="1.0" encoding="UTF-8" standalone="yes" ?>
<CodeBlocks_project_file>
	<FileVersion major="1" minor="6" />
	<Project>
		<Option title="algorithm" />
		<Option pch_mode="2" />
		<Option compiler="gcc" />
		<Build>
			<Target title="Debug">
				<Option output="bin/Debug/algorithm" prefix_auto="1" extension_auto="1" />
				<Option object_output="obj/Debug/" />
				<Option type="1" />
				<Option compiler="gcc" />
				<Compiler>
					<Add option="-g" />
				</Compiler>
			</Target>
			<Target title="Release">
				<Option output="bin/Release/algorithm" prefix_auto="1" extension_auto="1" />
				<Option object_output="obj/Release/" />
				<Option type="1" />
				<Option compiler="gcc" />
				<Compiler>
					<Add option="-O2" />
				</Compiler>
				<Linker>
					<Add option="-s" />
				</Linker>
			</Target>
		</Build>
		<Compiler>
			<Add option="-Wall" />
		</Compiler>
		<Unit filename="dynamic_programing/cut_rod.c">
			<Option compilerVar="CC" />
		</Unit>
		<Unit filename="dynamic_programing/dynamic_programing.h" />
		<Unit filename="dynamic_programing/fibonacci.c">
			<Option compilerVar="CC" />
		</Unit>
		<Unit filename="dynamic_programing/lcs_length.c">
			<Option compilerVar="CC" />
		</Unit>
		<Unit filename="find_max_subarray.c">
			<Option compilerVar="CC" />
		</Unit>
		<Unit filename="main.c">
			<Option compilerVar="CC" />
		</Unit>
		<Unit filename="pub_include.h" />
		<Unit filename="sort/counting_sort.c">
			<Option compilerVar="CC" />
		</Unit>
		<Unit filename="sort/heap_sort.c">
			<Option compilerVar="CC" />
		</Unit>
		<Unit filename="sort/insert_sort.c">
			<Option compilerVar="CC" />
		</Unit>
		<Unit filename="sort/quick_sort.c">
			<Option compilerVar="CC" />
		</Unit>
		<Unit filename="sort/radix_sort.c">
			<Option compilerVar="CC" />
		</Unit>
		<Unit filename="sort/sort_pub.h" />
		<Unit filename="tree/binary_search_tree.c">
			<Option compilerVar="CC" />
		</Unit>
		<Unit filename="tree/rb_tree.c">
			<Option compilerVar="CC" />
		</Unit>
		<Unit filename="tree/tree_pup.h" />
		<Extensions>
			<code_completion />
			<envvars />
			<debugger />
		</Extensions>
	</Project>
</CodeBlocks_project_file>
